
Microsoft Visual Studio Solution File, Format Version 12.00
# Visual Studio Version 17
VisualStudioVersion = 17.13.35806.99 d17.13
MinimumVisualStudioVersion = 10.0.40219.1
Project("{FAE04EC0-301F-11D3-BF4B-00C04F79EFBC}") = "webapp", "webapp.csproj", "{50D4AAEA-2B4C-4F82-B0A3-6BA8469C8903}"
EndProject
Global
	GlobalSection(SolutionConfigurationPlatforms) = preSolution
		Debug|Any CPU = Debug|Any CPU
		Release|Any CPU = Release|Any CPU
	EndGlobalSection
	GlobalSection(ProjectConfigurationPlatforms) = postSolution
		{50D4AAEA-2B4C-4F82-B0A3-6BA8469C8903}.Debug|Any CPU.ActiveCfg = Debug|Any CPU
		{50D4AAEA-2B4C-4F82-B0A3-6BA8469C8903}.Debug|Any CPU.Build.0 = Debug|Any CPU
		{50D4AAEA-2B4C-4F82-B0A3-6BA8469C8903}.Release|Any CPU.ActiveCfg = Release|Any CPU
		{50D4AAEA-2B4C-4F82-B0A3-6BA8469C8903}.Release|Any CPU.Build.0 = Release|Any CPU
	EndGlobalSection
	GlobalSection(SolutionProperties) = preSolution
		HideSolutionNode = FALSE
	EndGlobalSection
	GlobalSection(ExtensibilityGlobals) = postSolution
		SolutionGuid = {3622A55F-104D-4ED7-9281-0596E6319CE4}
	EndGlobalSection
EndGlobal
